
Microsoft Visual Studio Solution File, Format Version 12.00
# Visual Studio Version 16
VisualStudioVersion = 16.0.30011.22
MinimumVisualStudioVersion = 10.0.40219.1
Project("{FAE04EC0-301F-11D3-BF4B-00C04F79EFBC}") = "KiancaAPI", "KiancaAPI\KiancaAPI.csproj", "{36DC5257-DA93-47FC-AE6F-95723DE86B50}"
EndProject
Global
	GlobalSection(SolutionConfigurationPlatforms) = preSolution
		Debug|Any CPU = Debug|Any CPU
		Release|Any CPU = Release|Any CPU
	EndGlobalSection
	GlobalSection(ProjectConfigurationPlatforms) = postSolution
		{36DC5257-DA93-47FC-AE6F-95723DE86B50}.Debug|Any CPU.ActiveCfg = Debug|Any CPU
		{36DC5257-DA93-47FC-AE6F-95723DE86B50}.Debug|Any CPU.Build.0 = Debug|Any CPU
		{36DC5257-DA93-47FC-AE6F-95723DE86B50}.Release|Any CPU.ActiveCfg = Release|Any CPU
		{36DC5257-DA93-47FC-AE6F-95723DE86B50}.Release|Any CPU.Build.0 = Release|Any CPU
	EndGlobalSection
	GlobalSection(SolutionProperties) = preSolution
		HideSolutionNode = FALSE
	EndGlobalSection
	GlobalSection(ExtensibilityGlobals) = postSolution
		SolutionGuid = {0813CF20-D82B-4DD6-B289-78429D5CA645}
	EndGlobalSection
EndGlobal
